
Microsoft Visual Studio Solution File, Format Version 12.00
# Visual Studio Version 17
VisualStudioVersion = 17.8.34330.188
MinimumVisualStudioVersion = 10.0.40219.1
Project("{8BC9CEB8-8B4A-11D0-8D11-00A0C91BC942}") = "Project1", "Project1\Project1.vcxproj", "{B6BF84B6-6864-4DCC-9BB0-47FF2B847F9B}"
EndProject
Global
	GlobalSection(SolutionConfigurationPlatforms) = preSolution
		Debug|x64 = Debug|x64
		Debug|x86 = Debug|x86
		Release|x64 = Release|x64
		Release|x86 = Release|x86
	EndGlobalSection
	GlobalSection(ProjectConfigurationPlatforms) = postSolution
		{B6BF84B6-6864-4DCC-9BB0-47FF2B847F9B}.Debug|x64.ActiveCfg = Debug|x64
		{B6BF84B6-6864-4DCC-9BB0-47FF2B847F9B}.Debug|x64.Build.0 = Debug|x64
		{B6BF84B6-6864-4DCC-9BB0-47FF2B847F9B}.Debug|x86.ActiveCfg = Debug|Win32
		{B6BF84B6-6864-4DCC-9BB0-47FF2B847F9B}.Debug|x86.Build.0 = Debug|Win32
		{B6BF84B6-6864-4DCC-9BB0-47FF2B847F9B}.Release|x64.ActiveCfg = Release|x64
		{B6BF84B6-6864-4DCC-9BB0-47FF2B847F9B}.Release|x64.Build.0 = Release|x64
		{B6BF84B6-6864-4DCC-9BB0-47FF2B847F9B}.Release|x86.ActiveCfg = Release|Win32
		{B6BF84B6-6864-4DCC-9BB0-47FF2B847F9B}.Release|x86.Build.0 = Release|Win32
	EndGlobalSection
	GlobalSection(SolutionProperties) = preSolution
		HideSolutionNode = FALSE
	EndGlobalSection
	GlobalSection(ExtensibilityGlobals) = postSolution
		SolutionGuid = {A79DB450-62E5-4645-AB3F-AD15B9B2B16F}
	EndGlobalSection
EndGlobal
